
Microsoft Visual Studio Solution File, Format Version 12.00
# Visual Studio Version 17
VisualStudioVersion = 17.13.35931.197
MinimumVisualStudioVersion = 10.0.40219.1
Project("{FAE04EC0-301F-11D3-BF4B-00C04F79EFBC}") = "ControleFinanceiro", "ControleFinanceiro\ControleFinanceiro.csproj", "{5BE11EA2-3773-4A44-86B1-930E0DAE9DAB}"
EndProject
Project("{FAE04EC0-301F-11D3-BF4B-00C04F79EFBC}") = "ControleFinanceiro.Test", "ControleFinanceiro.Test\ControleFinanceiro.Test.csproj", "{2A3D2114-1C6F-44A7-9AA9-5955C3EECDC2}"
EndProject
Global
	GlobalSection(SolutionConfigurationPlatforms) = preSolution
		Debug|Any CPU = Debug|Any CPU
		Release|Any CPU = Release|Any CPU
	EndGlobalSection
	GlobalSection(ProjectConfigurationPlatforms) = postSolution
		{5BE11EA2-3773-4A44-86B1-930E0DAE9DAB}.Debug|Any CPU.ActiveCfg = Debug|Any CPU
		{5BE11EA2-3773-4A44-86B1-930E0DAE9DAB}.Debug|Any CPU.Build.0 = Debug|Any CPU
		{5BE11EA2-3773-4A44-86B1-930E0DAE9DAB}.Release|Any CPU.ActiveCfg = Release|Any CPU
		{5BE11EA2-3773-4A44-86B1-930E0DAE9DAB}.Release|Any CPU.Build.0 = Release|Any CPU
		{2A3D2114-1C6F-44A7-9AA9-5955C3EECDC2}.Debug|Any CPU.ActiveCfg = Debug|Any CPU
		{2A3D2114-1C6F-44A7-9AA9-5955C3EECDC2}.Debug|Any CPU.Build.0 = Debug|Any CPU
		{2A3D2114-1C6F-44A7-9AA9-5955C3EECDC2}.Release|Any CPU.ActiveCfg = Release|Any CPU
		{2A3D2114-1C6F-44A7-9AA9-5955C3EECDC2}.Release|Any CPU.Build.0 = Release|Any CPU
	EndGlobalSection
	GlobalSection(SolutionProperties) = preSolution
		HideSolutionNode = FALSE
	EndGlobalSection
	GlobalSection(ExtensibilityGlobals) = postSolution
		SolutionGuid = {E13FE60C-0028-4408-9554-939F4254F154}
	EndGlobalSection
EndGlobal
